
Microsoft Visual Studio Solution File, Format Version 12.00
# Visual Studio Version 17
VisualStudioVersion = 17.6.33815.320
MinimumVisualStudioVersion = 10.0.40219.1
Project("{9A19103F-16F7-4668-BE54-9A1E7A4F7556}") = "GuGuDan", "GuGuDan\GuGuDan.csproj", "{2DF99B85-4F0B-4D91-9372-82CEB858A7F2}"
EndProject
Project("{FAE04EC0-301F-11D3-BF4B-00C04F79EFBC}") = "GuGuDanAll", "GuGuDanAll\GuGuDanAll.csproj", "{62DDBD00-BA86-4353-8326-B58F88C47A60}"
EndProject
Project("{2150E333-8FDC-42A3-9474-1A3956D46DE8}") = "Solution Items", "Solution Items", "{8B8CCE91-A480-4635-8B3C-0C6254E97583}"
EndProject
Global
	GlobalSection(SolutionConfigurationPlatforms) = preSolution
		Debug|Any CPU = Debug|Any CPU
		Release|Any CPU = Release|Any CPU
	EndGlobalSection
	GlobalSection(ProjectConfigurationPlatforms) = postSolution
		{2DF99B85-4F0B-4D91-9372-82CEB858A7F2}.Debug|Any CPU.ActiveCfg = Debug|Any CPU
		{2DF99B85-4F0B-4D91-9372-82CEB858A7F2}.Debug|Any CPU.Build.0 = Debug|Any CPU
		{2DF99B85-4F0B-4D91-9372-82CEB858A7F2}.Release|Any CPU.ActiveCfg = Release|Any CPU
		{2DF99B85-4F0B-4D91-9372-82CEB858A7F2}.Release|Any CPU.Build.0 = Release|Any CPU
		{62DDBD00-BA86-4353-8326-B58F88C47A60}.Debug|Any CPU.ActiveCfg = Debug|Any CPU
		{62DDBD00-BA86-4353-8326-B58F88C47A60}.Debug|Any CPU.Build.0 = Debug|Any CPU
		{62DDBD00-BA86-4353-8326-B58F88C47A60}.Release|Any CPU.ActiveCfg = Release|Any CPU
		{62DDBD00-BA86-4353-8326-B58F88C47A60}.Release|Any CPU.Build.0 = Release|Any CPU
	EndGlobalSection
	GlobalSection(SolutionProperties) = preSolution
		HideSolutionNode = FALSE
	EndGlobalSection
	GlobalSection(ExtensibilityGlobals) = postSolution
		SolutionGuid = {9620CD0B-DE4A-4E65-886F-9DB98B5671D7}
	EndGlobalSection
EndGlobal
